
Microsoft Visual Studio Solution File, Format Version 12.00
# Visual Studio 15
VisualStudioVersion = 15.0.27130.2010
MinimumVisualStudioVersion = 10.0.40219.1
Project("{FAE04EC0-301F-11D3-BF4B-00C04F79EFBC}") = "AWBParser", "AWBParser\AWBParser.csproj", "{0FFC7B12-633D-4577-84E0-8ED76AEF3EC4}"
EndProject
Global
	GlobalSection(SolutionConfigurationPlatforms) = preSolution
		Debug|Any CPU = Debug|Any CPU
		Release|Any CPU = Release|Any CPU
	EndGlobalSection
	GlobalSection(ProjectConfigurationPlatforms) = postSolution
		{0FFC7B12-633D-4577-84E0-8ED76AEF3EC4}.Debug|Any CPU.ActiveCfg = Debug|Any CPU
		{0FFC7B12-633D-4577-84E0-8ED76AEF3EC4}.Debug|Any CPU.Build.0 = Debug|Any CPU
		{0FFC7B12-633D-4577-84E0-8ED76AEF3EC4}.Release|Any CPU.ActiveCfg = Release|Any CPU
		{0FFC7B12-633D-4577-84E0-8ED76AEF3EC4}.Release|Any CPU.Build.0 = Release|Any CPU
	EndGlobalSection
	GlobalSection(SolutionProperties) = preSolution
		HideSolutionNode = FALSE
	EndGlobalSection
	GlobalSection(ExtensibilityGlobals) = postSolution
		SolutionGuid = {93B5FDEB-DBA9-4CFA-B465-1FBB4760027E}
	EndGlobalSection
EndGlobal
